
Microsoft Visual Studio Solution File, Format Version 12.00
# Visual Studio Version 17
VisualStudioVersion = 17.12.35707.178
MinimumVisualStudioVersion = 10.0.40219.1
Project("{2150E333-8FDC-42A3-9474-1A3956D46DE8}") = "AuthenticationAPI", "AuthenticationAPI", "{1C3CC7DA-C462-4749-8605-E272598408A5}"
EndProject
Project("{2150E333-8FDC-42A3-9474-1A3956D46DE8}") = "src", "src", "{09BAA135-0001-456C-9C64-3AF1A70CED97}"
EndProject
Project("{2150E333-8FDC-42A3-9474-1A3956D46DE8}") = "tests", "tests", "{4697F8C2-52FD-4F7F-904F-8F298065AFE2}"
EndProject
Project("{2150E333-8FDC-42A3-9474-1A3956D46DE8}") = "APIHelperLIB", "APIHelperLIB", "{E4C82C0F-58DB-4BAD-9D88-1F4D95F7C3B4}"
EndProject
Project("{2150E333-8FDC-42A3-9474-1A3956D46DE8}") = "src", "src", "{528A68C5-81E1-4205-87AB-B3482932DC30}"
EndProject
Project("{FAE04EC0-301F-11D3-BF4B-00C04F79EFBC}") = "APIHelperLIB", "APIHelperLIB\src\APIHelperLIB\APIHelperLIB.csproj", "{6954F7E0-5461-4CE5-BA1B-95C1B2E862B2}"
EndProject
Project("{2150E333-8FDC-42A3-9474-1A3956D46DE8}") = "CustomerAPI", "CustomerAPI", "{B53DBE8D-0F0B-44C9-82D3-BED9654E163B}"
EndProject
Project("{2150E333-8FDC-42A3-9474-1A3956D46DE8}") = "src", "src", "{355AC489-4E92-4108-A5D4-CFC90883798E}"
EndProject
Project("{2150E333-8FDC-42A3-9474-1A3956D46DE8}") = "tests", "tests", "{F1D08602-6471-4E37-95D9-6F6E99197D55}"
EndProject
Project("{FAE04EC0-301F-11D3-BF4B-00C04F79EFBC}") = "CustomerAPI", "CustomerAPI\src\CustomerAPI\CustomerAPI.csproj", "{0A2DB1E7-0120-411C-B89A-A35652095A28}"
EndProject
Project("{FAE04EC0-301F-11D3-BF4B-00C04F79EFBC}") = "AuthenticationAPI", "AuthenticationAPI\src\AuthenticationAPI\AuthenticationAPI.csproj", "{A04FBFBE-E177-4127-8A3A-1D1029F2EA68}"
EndProject
Project("{2150E333-8FDC-42A3-9474-1A3956D46DE8}") = "UnitTest", "UnitTest", "{EFC90CFF-E47C-40C6-A21C-2211996B2E23}"
EndProject
Project("{FAE04EC0-301F-11D3-BF4B-00C04F79EFBC}") = "CustomerAPI.Tests", "CustomerAPI\tests\UnitTest\CustomerAPI.Tests\CustomerAPI.Tests.csproj", "{29F73067-F1B2-47BF-9B05-08746D8B7BD4}"
EndProject
Project("{2150E333-8FDC-42A3-9474-1A3956D46DE8}") = "UnitTest", "UnitTest", "{656C71DF-4124-4B01-9690-9036809D1C65}"
EndProject
Project("{FAE04EC0-301F-11D3-BF4B-00C04F79EFBC}") = "AuthenticationAPI.Tests", "AuthenticationAPI\tests\UnitTest\AuthenticationAPI.Tests\AuthenticationAPI.Tests.csproj", "{DDAFD66D-5A12-480D-9343-8EE77E2533A5}"
EndProject
Global
	GlobalSection(SolutionConfigurationPlatforms) = preSolution
		Debug|Any CPU = Debug|Any CPU
		Release|Any CPU = Release|Any CPU
	EndGlobalSection
	GlobalSection(ProjectConfigurationPlatforms) = postSolution
		{6954F7E0-5461-4CE5-BA1B-95C1B2E862B2}.Debug|Any CPU.ActiveCfg = Debug|Any CPU
		{6954F7E0-5461-4CE5-BA1B-95C1B2E862B2}.Debug|Any CPU.Build.0 = Debug|Any CPU
		{6954F7E0-5461-4CE5-BA1B-95C1B2E862B2}.Release|Any CPU.ActiveCfg = Release|Any CPU
		{6954F7E0-5461-4CE5-BA1B-95C1B2E862B2}.Release|Any CPU.Build.0 = Release|Any CPU
		{0A2DB1E7-0120-411C-B89A-A35652095A28}.Debug|Any CPU.ActiveCfg = Debug|Any CPU
		{0A2DB1E7-0120-411C-B89A-A35652095A28}.Debug|Any CPU.Build.0 = Debug|Any CPU
		{0A2DB1E7-0120-411C-B89A-A35652095A28}.Release|Any CPU.ActiveCfg = Release|Any CPU
		{0A2DB1E7-0120-411C-B89A-A35652095A28}.Release|Any CPU.Build.0 = Release|Any CPU
		{A04FBFBE-E177-4127-8A3A-1D1029F2EA68}.Debug|Any CPU.ActiveCfg = Debug|Any CPU
		{A04FBFBE-E177-4127-8A3A-1D1029F2EA68}.Debug|Any CPU.Build.0 = Debug|Any CPU
		{A04FBFBE-E177-4127-8A3A-1D1029F2EA68}.Release|Any CPU.ActiveCfg = Release|Any CPU
		{A04FBFBE-E177-4127-8A3A-1D1029F2EA68}.Release|Any CPU.Build.0 = Release|Any CPU
		{29F73067-F1B2-47BF-9B05-08746D8B7BD4}.Debug|Any CPU.ActiveCfg = Debug|Any CPU
		{29F73067-F1B2-47BF-9B05-08746D8B7BD4}.Debug|Any CPU.Build.0 = Debug|Any CPU
		{29F73067-F1B2-47BF-9B05-08746D8B7BD4}.Release|Any CPU.ActiveCfg = Release|Any CPU
		{29F73067-F1B2-47BF-9B05-08746D8B7BD4}.Release|Any CPU.Build.0 = Release|Any CPU
		{DDAFD66D-5A12-480D-9343-8EE77E2533A5}.Debug|Any CPU.ActiveCfg = Debug|Any CPU
		{DDAFD66D-5A12-480D-9343-8EE77E2533A5}.Debug|Any CPU.Build.0 = Debug|Any CPU
		{DDAFD66D-5A12-480D-9343-8EE77E2533A5}.Release|Any CPU.ActiveCfg = Release|Any CPU
		{DDAFD66D-5A12-480D-9343-8EE77E2533A5}.Release|Any CPU.Build.0 = Release|Any CPU
	EndGlobalSection
	GlobalSection(SolutionProperties) = preSolution
		HideSolutionNode = FALSE
	EndGlobalSection
	GlobalSection(NestedProjects) = preSolution
		{09BAA135-0001-456C-9C64-3AF1A70CED97} = {1C3CC7DA-C462-4749-8605-E272598408A5}
		{4697F8C2-52FD-4F7F-904F-8F298065AFE2} = {1C3CC7DA-C462-4749-8605-E272598408A5}
		{528A68C5-81E1-4205-87AB-B3482932DC30} = {E4C82C0F-58DB-4BAD-9D88-1F4D95F7C3B4}
		{6954F7E0-5461-4CE5-BA1B-95C1B2E862B2} = {528A68C5-81E1-4205-87AB-B3482932DC30}
		{355AC489-4E92-4108-A5D4-CFC90883798E} = {B53DBE8D-0F0B-44C9-82D3-BED9654E163B}
		{F1D08602-6471-4E37-95D9-6F6E99197D55} = {B53DBE8D-0F0B-44C9-82D3-BED9654E163B}
		{0A2DB1E7-0120-411C-B89A-A35652095A28} = {355AC489-4E92-4108-A5D4-CFC90883798E}
		{A04FBFBE-E177-4127-8A3A-1D1029F2EA68} = {09BAA135-0001-456C-9C64-3AF1A70CED97}
		{EFC90CFF-E47C-40C6-A21C-2211996B2E23} = {F1D08602-6471-4E37-95D9-6F6E99197D55}
		{29F73067-F1B2-47BF-9B05-08746D8B7BD4} = {EFC90CFF-E47C-40C6-A21C-2211996B2E23}
		{656C71DF-4124-4B01-9690-9036809D1C65} = {4697F8C2-52FD-4F7F-904F-8F298065AFE2}
		{DDAFD66D-5A12-480D-9343-8EE77E2533A5} = {656C71DF-4124-4B01-9690-9036809D1C65}
	EndGlobalSection
EndGlobal
